
Microsoft Visual Studio Solution File, Format Version 12.00
# Visual Studio 2013
VisualStudioVersion = 12.0.31010.0
MinimumVisualStudioVersion = 10.0.40219.1
Project("{9092AA53-FB77-4645-B42D-1CCCA6BD08BD}") = "Server", "Server\Server.njsproj", "{8D5E8DD9-7E1F-4C72-A948-67E82789E1CA}"
EndProject
Project("{2150E333-8FDC-42A3-9474-1A3956D46DE8}") = "Repo", "Repo", "{C8D4C559-783A-4253-BF8A-DC55C68C6E85}"
	ProjectSection(SolutionItems) = preProject
		gulpfile.js = gulpfile.js
		package.json = package.json
	EndProjectSection
EndProject
Global
	GlobalSection(SolutionConfigurationPlatforms) = preSolution
		Debug|Any CPU = Debug|Any CPU
		Release|Any CPU = Release|Any CPU
	EndGlobalSection
	GlobalSection(ProjectConfigurationPlatforms) = postSolution
		{8D5E8DD9-7E1F-4C72-A948-67E82789E1CA}.Debug|Any CPU.ActiveCfg = Debug|Any CPU
		{8D5E8DD9-7E1F-4C72-A948-67E82789E1CA}.Debug|Any CPU.Build.0 = Debug|Any CPU
		{8D5E8DD9-7E1F-4C72-A948-67E82789E1CA}.Release|Any CPU.ActiveCfg = Release|Any CPU
		{8D5E8DD9-7E1F-4C72-A948-67E82789E1CA}.Release|Any CPU.Build.0 = Release|Any CPU
	EndGlobalSection
	GlobalSection(SolutionProperties) = preSolution
		HideSolutionNode = FALSE
	EndGlobalSection
EndGlobal
